// !$*UTF8*$!
{
	archiveVersion = 1;
	classes = {
	};
	objectVersion = 46;
	objects = {

/* Begin PBXBuildFile section */
		3E21BFBA1A1FC63700551908 /* AppDelegate.swift in Sources */ = {isa = PBXBuildFile; fileRef = 3E21BFB91A1FC63700551908 /* AppDelegate.swift */; };
		3E21BFBC1A1FC63700551908 /* ViewController.swift in Sources */ = {isa = PBXBuildFile; fileRef = 3E21BFBB1A1FC63700551908 /* ViewController.swift */; };
		3E21BFBF1A1FC63700551908 /* Main.storyboard in Resources */ = {isa = PBXBuildFile; fileRef = 3E21BFBD1A1FC63700551908 /* Main.storyboard */; };
		3E21BFC11A1FC63700551908 /* Images.xcassets in Resources */ = {isa = PBXBuildFile; fileRef = 3E21BFC01A1FC63700551908 /* Images.xcassets */; };
		3E21BFC41A1FC63700551908 /* LaunchScreen.xib in Resources */ = {isa = PBXBuildFile; fileRef = 3E21BFC21A1FC63700551908 /* LaunchScreen.xib */; };
		3E21BFD01A1FC63700551908 /* PitchPerfectTests.swift in Sources */ = {isa = PBXBuildFile; fileRef = 3E21BFCF1A1FC63700551908 /* PitchPerfectTests.swift */; };
/* End PBXBuildFile section */

/* Begin PBXContainerItemProxy section */
		3E21BFCA1A1FC63700551908 /* PBXContainerItemProxy */ = {
			isa = PBXContainerItemProxy;
			containerPortal = 3E21BFAC1A1FC63700551908 /* Project object */;
			proxyType = 1;
			remoteGlobalIDString = 3E21BFB31A1FC63700551908;
			remoteInfo = PitchPerfect;
		};
/* End PBXContainerItemProxy section */

/* Begin PBXFileReference section */
		3E21BFB41A1FC63700551908 /* PitchPerfect.app */ = {isa = PBXFileReference; explicitFileType = wrapper.application; includeInIndex = 0; path = PitchPerfect.app; sourceTree = BUILT_PRODUCTS_DIR; };
		3E21BFB81A1FC63700551908 /* Info.plist */ = {isa = PBXFileReference; lastKnownFileType = text.plist.xml; path = Info.plist; sourceTree = "<group>"; };
		3E21BFB91A1FC63700551908 /* AppDelegate.swift */ = {isa = PBXFileReference; lastKnownFileType = sourcecode.swift; path = AppDelegate.swift; sourceTree = "<group>"; };
		3E21BFBB1A1FC63700551908 /* ViewController.swift */ = {isa = PBXFileReference; lastKnownFileType = sourcecode.swift; path = ViewController.swift; sourceTree = "<group>"; };
		3E21BFBE1A1FC63700551908 /* Base */ = {isa = PBXFileReference; lastKnownFileType = file.storyboard; name = Base; path = Base.lproj/Main.storyboard; sourceTree = "<group>"; };
		3E21BFC01A1FC63700551908 /* Images.xcassets */ = {isa = PBXFileReference; lastKnownFileType = folder.assetcatalog; path = Images.xcassets; sourceTree = "<group>"; };
		3E21BFC31A1FC63700551908 /* Base */ = {isa = PBXFileReference; lastKnownFileType = file.xib; name = Base; path = Base.lproj/LaunchScreen.xib; sourceTree = "<group>"; };
		3E21BFC91A1FC63700551908 /* PitchPerfectTests.xctest */ = {isa = PBXFileReference; explicitFileType = wrapper.cfbundle; includeInIndex = 0; path = PitchPerfectTests.xctest; sourceTree = BUILT_PRODUCTS_DIR; };
		3E21BFCE1A1FC63700551908 /* Info.plist */ = {isa = PBXFileReference; lastKnownFileType = text.plist.xml; path = Info.plist; sourceTree = "<group>"; };
		3E21BFCF1A1FC63700551908 /* PitchPerfectTests.swift */ = {isa = PBXFileReference; lastKnownFileType = sourcecode.swift; path = PitchPerfectTests.swift; sourceTree = "<group>"; };
/* End PBXFileReference section */

/* Begin PBXFrameworksBuildPhase section */
		3E21BFB11A1FC63700551908 /* Frameworks */ = {
			isa = PBXFrameworksBuildPhase;
			buildActionMask = 2147483647;
			files = (
			);
			runOnlyForDeploymentPostprocessing = 0;
		};
		3E21BFC61A1FC63700551908 /* Frameworks */ = {
			isa = PBXFrameworksBuildPhase;
			buildActionMask = 2147483647;
			files = (
			);
			runOnlyForDeploymentPostprocessing = 0;
		};
/* End PBXFrameworksBuildPhase section */

/* Begin PBXGroup section */
		3E21BFAB1A1FC63700551908 = {
			isa = PBXGroup;
			children = (
				3E21BFB61A1FC63700551908 /* PitchPerfect */,
				3E21BFCC1A1FC63700551908 /* PitchPerfectTests */,
				3E21BFB51A1FC63700551908 /* Products */,
			);
			sourceTree = "<group>";
		};
		3E21BFB51A1FC63700551908 /* Products */ = {
			isa = PBXGroup;
			children = (
				3E21BFB41A1FC63700551908 /* PitchPerfect.app */,
				3E21BFC91A1FC63700551908 /* PitchPerfectTests.xctest */,
			);
			name = Products;
			sourceTree = "<group>";
		};
		3E21BFB61A1FC63700551908 /* PitchPerfect */ = {
			isa = PBXGroup;
			children = (
				3E21BFB91A1FC63700551908 /* AppDelegate.swift */,
				3E21BFBB1A1FC63700551908 /* ViewController.swift */,
				3E21BFBD1A1FC63700551908 /* Main.storyboard */,
				3E21BFC01A1FC63700551908 /* Images.xcassets */,
				3E21BFC21A1FC63700551908 /* LaunchScreen.xib */,
				3E21BFB71A1FC63700551908 /* Supporting Files */,
			);
			path = PitchPerfect;
			sourceTree = "<group>";
		};
		3E21BFB71A1FC63700551908 /* Supporting Files */ = {
			isa = PBXGroup;
			children = (
				3E21BFB81A1FC63700551908 /* Info.plist */,
			);
			name = "Supporting Files";
			sourceTree = "<group>";
		};
		3E21BFCC1A1FC63700551908 /* PitchPerfectTests */ = {
			isa = PBXGroup;
			children = (
				3E21BFCF1A1FC63700551908 /* PitchPerfectTests.swift */,
				3E21BFCD1A1FC63700551908 /* Supporting Files */,
			);
			path = PitchPerfectTests;
			sourceTree = "<group>";
		};
		3E21BFCD1A1FC63700551908 /* Supporting Files */ = {
			isa = PBXGroup;
			children = (
				3E21BFCE1A1FC63700551908 /* Info.plist */,
			);
			name = "Supporting Files";
			sourceTree = "<group>";
		};
/* End PBXGroup section */

/* Begin PBXNativeTarget section */
		3E21BFB31A1FC63700551908 /* PitchPerfect */ = {
			isa = PBXNativeTarget;
			buildConfigurationList = 3E21BFD31A1FC63700551908 /* Build configuration list for PBXNativeTarget "PitchPerfect" */;
			buildPhases = (
				3E21BFB01A1FC63700551908 /* Sources */,
				3E21BFB11A1FC63700551908 /* Frameworks */,
				3E21BFB21A1FC63700551908 /* Resources */,
			);
			buildRules = (
			);
			dependencies = (
			);
			name = PitchPerfect;
			productName = PitchPerfect;
			productReference = 3E21BFB41A1FC63700551908 /* PitchPerfect.app */;
			productType = "com.apple.product-type.application";
		};
		3E21BFC81A1FC63700551908 /* PitchPerfectTests */ = {
			isa = PBXNativeTarget;
			buildConfigurationList = 3E21BFD61A1FC63700551908 /* Build configuration list for PBXNativeTarget "PitchPerfectTests" */;
			buildPhases = (
				3E21BFC51A1FC63700551908 /* Sources */,
				3E21BFC61A1FC63700551908 /* Frameworks */,
				3E21BFC71A1FC63700551908 /* Resources */,
			);
			buildRules = (
			);
			dependencies = (
				3E21BFCB1A1FC63700551908 /* PBXTargetDependency */,
			);
			name = PitchPerfectTests;
			productName = PitchPerfectTests;
			productReference = 3E21BFC91A1FC63700551908 /* PitchPerfectTests.xctest */;
			productType = "com.apple.product-type.bundle.unit-test";
		};
/* End PBXNativeTarget section */

/* Begin PBXProject section */
		3E21BFAC1A1FC63700551908 /* Project object */ = {
			isa = PBXProject;
			attributes = {
				LastUpgradeCheck = 0610;
				ORGANIZATIONNAME = Conrado;
				TargetAttributes = {
					3E21BFB31A1FC63700551908 = {
						CreatedOnToolsVersion = 6.1;
					};
					3E21BFC81A1FC63700551908 = {
						CreatedOnToolsVersion = 6.1;
						TestTargetID = 3E21BFB31A1FC63700551908;
					};
				};
			};
			buildConfigurationList = 3E21BFAF1A1FC63700551908 /* Build configuration list for PBXProject "PitchPerfect" */;
			compatibilityVersion = "Xcode 3.2";
			developmentRegion = English;
			hasScannedForEncodings = 0;
			knownRegions = (
				en,
				Base,
			);
			mainGroup = 3E21BFAB1A1FC63700551908;
			productRefGroup = 3E21BFB51A1FC63700551908 /* Products */;
			projectDirPath = "";
			projectRoot = "";
			targets = (
				3E21BFB31A1FC63700551908 /* PitchPerfect */,
				3E21BFC81A1FC63700551908 /* PitchPerfectTests */,
			);
		};
/* End PBXProject section */

/* Begin PBXResourcesBuildPhase section */
		3E21BFB21A1FC63700551908 /* Resources */ = {
			isa = PBXResourcesBuildPhase;
			buildActionMask = 2147483647;
			files = (
				3E21BFBF1A1FC63700551908 /* Main.storyboard in Resources */,
				3E21BFC41A1FC63700551908 /* LaunchScreen.xib in Resources */,
				3E21BFC11A1FC63700551908 /* Images.xcassets in Resources */,
			);
			runOnlyForDeploymentPostprocessing = 0;
		};
		3E21BFC71A1FC63700551908 /* Resources */ = {
			isa = PBXResourcesBuildPhase;
			buildActionMask = 2147483647;
			files = (
			);
			runOnlyForDeploymentPostprocessing = 0;
		};
/* End PBXResourcesBuildPhase section */

/* Begin PBXSourcesBuildPhase section */
		3E21BFB01A1FC63700551908 /* Sources */ = {
			isa = PBXSourcesBuildPhase;
			buildActionMask = 2147483647;
			files = (
				3E21BFBC1A1FC63700551908 /* ViewController.swift in Sources */,
				3E21BFBA1A1FC63700551908 /* AppDelegate.swift in Sources */,
			);
			runOnlyForDeploymentPostprocessing = 0;
		};
		3E21BFC51A1FC63700551908 /* Sources */ = {
			isa = PBXSourcesBuildPhase;
			buildActionMask = 2147483647;
			files = (
				3E21BFD01A1FC63700551908 /* PitchPerfectTests.swift in Sources */,
			);
			runOnlyForDeploymentPostprocessing = 0;
		};
/* End PBXSourcesBuildPhase section */

/* Begin PBXTargetDependency section */
		3E21BFCB1A1FC63700551908 /* PBXTargetDependency */ = {
			isa = PBXTargetDependency;
			target = 3E21BFB31A1FC63700551908 /* PitchPerfect */;
			targetProxy = 3E21BFCA1A1FC63700551908 /* PBXContainerItemProxy */;
		};
/* End PBXTargetDependency section */

/* Begin PBXVariantGroup section */
		3E21BFBD1A1FC63700551908 /* Main.storyboard */ = {
			isa = PBXVariantGroup;
			children = (
				3E21BFBE1A1FC63700551908 /* Base */,
			);
			name = Main.storyboard;
			sourceTree = "<group>";
		};
		3E21BFC21A1FC63700551908 /* LaunchScreen.xib */ = {
			isa = PBXVariantGroup;
			children = (
				3E21BFC31A1FC63700551908 /* Base */,
			);
			name = LaunchScreen.xib;
			sourceTree = "<group>";
		};
/* End PBXVariantGroup section */

/* Begin XCBuildConfiguration section */
		3E21BFD11A1FC63700551908 /* Debug */ = {
			isa = XCBuildConfiguration;
			buildSettings = {
				ALWAYS_SEARCH_USER_PATHS = NO;
				CLANG_CXX_LANGUAGE_STANDARD = "gnu++0x";
				CLANG_CXX_LIBRARY = "libc++";
				CLANG_ENABLE_MODULES = YES;
				CLANG_ENABLE_OBJC_ARC = YES;
				CLANG_WARN_BOOL_CONVERSION = YES;
				CLANG_WARN_CONSTANT_CONVERSION = YES;
				CLANG_WARN_DIRECT_OBJC_ISA_USAGE = YES_ERROR;
				CLANG_WARN_EMPTY_BODY = YES;
				CLANG_WARN_ENUM_CONVERSION = YES;
				CLANG_WARN_INT_CONVERSION = YES;
				CLANG_WARN_OBJC_ROOT_CLASS = YES_ERROR;
				CLANG_WARN_UNREACHABLE_CODE = YES;
				CLANG_WARN__DUPLICATE_METHOD_MATCH = YES;
				"CODE_SIGN_IDENTITY[sdk=iphoneos*]" = "iPhone Developer";
				COPY_PHASE_STRIP = NO;
				ENABLE_STRICT_OBJC_MSGSEND = YES;
				GCC_C_LANGUAGE_STANDARD = gnu99;
				GCC_DYNAMIC_NO_PIC = NO;
				GCC_OPTIMIZATION_LEVEL = 0;
				GCC_PREPROCESSOR_DEFINITIONS = (
					"DEBUG=1",
					"$(inherited)",
				);
				GCC_SYMBOLS_PRIVATE_EXTERN = NO;
				GCC_WARN_64_TO_32_BIT_CONVERSION = YES;
				GCC_WARN_ABOUT_RETURN_TYPE = YES_ERROR;
				GCC_WARN_UNDECLARED_SELECTOR = YES;
				GCC_WARN_UNINITIALIZED_AUTOS = YES_AGGRESSIVE;
				GCC_WARN_UNUSED_FUNCTION = YES;
				GCC_WARN_UNUSED_VARIABLE = YES;
				IPHONEOS_DEPLOYMENT_TARGET = 8.1;
				MTL_ENABLE_DEBUG_INFO = YES;
				ONLY_ACTIVE_ARCH = YES;
				SDKROOT = iphoneos;
				SWIFT_OPTIMIZATION_LEVEL = "-Onone";
			};
			name = Debug;
		};
		3E21BFD21A1FC63700551908 /* Release */ = {
			isa = XCBuildConfiguration;
			buildSettings = {
				ALWAYS_SEARCH_USER_PATHS = NO;
				CLANG_CXX_LANGUAGE_STANDARD = "gnu++0x";
				CLANG_CXX_LIBRARY = "libc++";
				CLANG_ENABLE_MODULES = YES;
				CLANG_ENABLE_OBJC_ARC = YES;
				CLANG_WARN_BOOL_CONVERSION = YES;
				CLANG_WARN_CONSTANT_CONVERSION = YES;
				CLANG_WARN_DIRECT_OBJC_ISA_USAGE = YES_ERROR;
				CLANG_WARN_EMPTY_BODY = YES;
				CLANG_WARN_ENUM_CONVERSION = YES;
				CLANG_WARN_INT_CONVERSION = YES;
				CLANG_WARN_OBJC_ROOT_CLASS = YES_ERROR;
				CLANG_WARN_UNREACHABLE_CODE = YES;
				CLANG_WARN__DUPLICATE_METHOD_MATCH = YES;
				"CODE_SIGN_IDENTITY[sdk=iphoneos*]" = "iPhone Developer";
				COPY_PHASE_STRIP = YES;
				ENABLE_NS_ASSERTIONS = NO;
				ENABLE_STRICT_OBJC_MSGSEND = YES;
				GCC_C_LANGUAGE_STANDARD = gnu99;
				GCC_WARN_64_TO_32_BIT_CONVERSION = YES;
				GCC_WARN_ABOUT_RETURN_TYPE = YES_ERROR;
				GCC_WARN_UNDECLARED_SELECTOR = YES;
				GCC_WARN_UNINITIALIZED_AUTOS = YES_AGGRESSIVE;
				GCC_WARN_UNUSED_FUNCTION = YES;
				GCC_WARN_UNUSED_VARIABLE = YES;
				IPHONEOS_DEPLOYMENT_TARGET = 8.1;
				MTL_ENABLE_DEBUG_INFO = NO;
				SDKROOT = iphoneos;
				VALIDATE_PRODUCT = YES;
			};
			name = Release;
		};
		3E21BFD41A1FC63700551908 /* Debug */ = {
			isa = XCBuildConfiguration;
			buildSettings = {
				ASSETCATALOG_COMPILER_APPICON_NAME = AppIcon;
				INFOPLIST_FILE = PitchPerfect/Info.plist;
				LD_RUNPATH_SEARCH_PATHS = "$(inherited) @executable_path/Frameworks";
				PRODUCT_NAME = "$(TARGET_NAME)";
			};
			name = Debug;
		};
		3E21BFD51A1FC63700551908 /* Release */ = {
			isa = XCBuildConfiguration;
			buildSettings = {
				ASSETCATALOG_COMPILER_APPICON_NAME = AppIcon;
				INFOPLIST_FILE = PitchPerfect/Info.plist;
				LD_RUNPATH_SEARCH_PATHS = "$(inherited) @executable_path/Frameworks";
				PRODUCT_NAME = "$(TARGET_NAME)";
			};
			name = Release;
		};
		3E21BFD71A1FC63700551908 /* Debug */ = {
			isa = XCBuildConfiguration;
			buildSettings = {
				BUNDLE_LOADER = "$(TEST_HOST)";
				FRAMEWORK_SEARCH_PATHS = (
					"$(SDKROOT)/Developer/Library/Frameworks",
					"$(inherited)",
				);
				GCC_PREPROCESSOR_DEFINITIONS = (
					"DEBUG=1",
					"$(inherited)",
				);
				INFOPLIST_FILE = PitchPerfectTests/Info.plist;
				LD_RUNPATH_SEARCH_PATHS = "$(inherited) @executable_path/Frameworks @loader_path/Frameworks";
				PRODUCT_NAME = "$(TARGET_NAME)";
				TEST_HOST = "$(BUILT_PRODUCTS_DIR)/PitchPerfect.app/PitchPerfect";
			};
			name = Debug;
		};
		3E21BFD81A1FC63700551908 /* Release */ = {
			isa = XCBuildConfiguration;
			buildSettings = {
				BUNDLE_LOADER = "$(TEST_HOST)";
				FRAMEWORK_SEARCH_PATHS = (
					"$(SDKROOT)/Developer/Library/Frameworks",
					"$(inherited)",
				);
				INFOPLIST_FILE = PitchPerfectTests/Info.plist;
				LD_RUNPATH_SEARCH_PATHS = "$(inherited) @executable_path/Frameworks @loader_path/Frameworks";
				PRODUCT_NAME = "$(TARGET_NAME)";
				TEST_HOST = "$(BUILT_PRODUCTS_DIR)/PitchPerfect.app/PitchPerfect";
			};
			name = Release;
		};
/* End XCBuildConfiguration section */

/* Begin XCConfigurationList section */
		3E21BFAF1A1FC63700551908 /* Build configuration list for PBXProject "PitchPerfect" */ = {
			isa = XCConfigurationList;
			buildConfigurations = (
				3E21BFD11A1FC63700551908 /* Debug */,
				3E21BFD21A1FC63700551908 /* Release */,
			);
			defaultConfigurationIsVisible = 0;
			defaultConfigurationName = Release;
		};
		3E21BFD31A1FC63700551908 /* Build configuration list for PBXNativeTarget "PitchPerfect" */ = {
			isa = XCConfigurationList;
			buildConfigurations = (
				3E21BFD41A1FC63700551908 /* Debug */,
				3E21BFD51A1FC63700551908 /* Release */,
			);
			defaultConfigurationIsVisible = 0;
		};
		3E21BFD61A1FC63700551908 /* Build configuration list for PBXNativeTarget "PitchPerfectTests" */ = {
			isa = XCConfigurationList;
			buildConfigurations = (
				3E21BFD71A1FC63700551908 /* Debug */,
				3E21BFD81A1FC63700551908 /* Release */,
			);
			defaultConfigurationIsVisible = 0;
		};
/* End XCConfigurationList section */
	};
	rootObject = 3E21BFAC1A1FC63700551908 /* Project object */;
}
